
Microsoft Visual Studio Solution File, Format Version 12.00
# Visual Studio Version 17
VisualStudioVersion = 17.9.34723.18
MinimumVisualStudioVersion = 10.0.40219.1
Project("{54A90642-561A-4BB1-A94E-469ADEE60C69}") = "PrimeAngularProject", "PrimeAngularProject.esproj", "{4BCCB4CC-5EA5-4443-8EA9-9CEA1587B26A}"
EndProject
Global
	GlobalSection(SolutionConfigurationPlatforms) = preSolution
		Debug|Any CPU = Debug|Any CPU
		Release|Any CPU = Release|Any CPU
	EndGlobalSection
	GlobalSection(ProjectConfigurationPlatforms) = postSolution
		{4BCCB4CC-5EA5-4443-8EA9-9CEA1587B26A}.Debug|Any CPU.ActiveCfg = Debug|Any CPU
		{4BCCB4CC-5EA5-4443-8EA9-9CEA1587B26A}.Debug|Any CPU.Build.0 = Debug|Any CPU
		{4BCCB4CC-5EA5-4443-8EA9-9CEA1587B26A}.Debug|Any CPU.Deploy.0 = Debug|Any CPU
		{4BCCB4CC-5EA5-4443-8EA9-9CEA1587B26A}.Release|Any CPU.ActiveCfg = Release|Any CPU
		{4BCCB4CC-5EA5-4443-8EA9-9CEA1587B26A}.Release|Any CPU.Build.0 = Release|Any CPU
		{4BCCB4CC-5EA5-4443-8EA9-9CEA1587B26A}.Release|Any CPU.Deploy.0 = Release|Any CPU
	EndGlobalSection
	GlobalSection(SolutionProperties) = preSolution
		HideSolutionNode = FALSE
	EndGlobalSection
	GlobalSection(ExtensibilityGlobals) = postSolution
		SolutionGuid = {09F2DBB2-2277-47CC-9635-369F674FAB5B}
	EndGlobalSection
EndGlobal
